// !$*UTF8*$!
{
	archiveVersion = 1;
	classes = {
	};
	objectVersion = 50;
	objects = {

/* Begin PBXBuildFile section */
		1F4E655422FC40BB001225FC /* main.swift in Sources */ = {isa = PBXBuildFile; fileRef = 1F4E655322FC40BB001225FC /* main.swift */; };
		1F4E655B22FC46C3001225FC /* FileProcessor.swift in Sources */ = {isa = PBXBuildFile; fileRef = 1F4E655A22FC46C3001225FC /* FileProcessor.swift */; };
		1F4E657B23043DE1001225FC /* ArrayExtension.swift in Sources */ = {isa = PBXBuildFile; fileRef = 1F4E657A23043DE1001225FC /* ArrayExtension.swift */; };
		1F9FA9A1230578FE00F9723C /* Helpers.swift in Sources */ = {isa = PBXBuildFile; fileRef = 1F9FA9A0230578FE00F9723C /* Helpers.swift */; };
		1F9FA9A323057E7400F9723C /* MethodComponents.swift in Sources */ = {isa = PBXBuildFile; fileRef = 1F9FA9A223057E7400F9723C /* MethodComponents.swift */; };
		1FAB88E123193C06004E3023 /* TextProcessor.swift in Sources */ = {isa = PBXBuildFile; fileRef = 1FAB88E023193C06004E3023 /* TextProcessor.swift */; };
		1FAB8B93231D4DFC004E3023 /* ClassBinding.swift in Sources */ = {isa = PBXBuildFile; fileRef = 1FAB8B92231D4DFB004E3023 /* ClassBinding.swift */; };
		1FAB8B95231D5928004E3023 /* StringExtension.swift in Sources */ = {isa = PBXBuildFile; fileRef = 1FAB8B94231D5928004E3023 /* StringExtension.swift */; };
/* End PBXBuildFile section */

/* Begin PBXCopyFilesBuildPhase section */
		1F4E654E22FC40BB001225FC /* CopyFiles */ = {
			isa = PBXCopyFilesBuildPhase;
			buildActionMask = 2147483647;
			dstPath = /usr/share/man/man1/;
			dstSubfolderSpec = 0;
			files = (
			);
			runOnlyForDeploymentPostprocessing = 1;
		};
/* End PBXCopyFilesBuildPhase section */

/* Begin PBXFileReference section */
		1F4E655022FC40BB001225FC /* rootToSwift */ = {isa = PBXFileReference; explicitFileType = "compiled.mach-o.executable"; includeInIndex = 0; path = rootToSwift; sourceTree = BUILT_PRODUCTS_DIR; };
		1F4E655322FC40BB001225FC /* main.swift */ = {isa = PBXFileReference; lastKnownFileType = sourcecode.swift; path = main.swift; sourceTree = "<group>"; };
		1F4E655A22FC46C3001225FC /* FileProcessor.swift */ = {isa = PBXFileReference; lastKnownFileType = sourcecode.swift; path = FileProcessor.swift; sourceTree = "<group>"; };
		1F4E657A23043DE1001225FC /* ArrayExtension.swift */ = {isa = PBXFileReference; lastKnownFileType = sourcecode.swift; path = ArrayExtension.swift; sourceTree = "<group>"; };
		1F9FA9A0230578FE00F9723C /* Helpers.swift */ = {isa = PBXFileReference; lastKnownFileType = sourcecode.swift; path = Helpers.swift; sourceTree = "<group>"; };
		1F9FA9A223057E7400F9723C /* MethodComponents.swift */ = {isa = PBXFileReference; lastKnownFileType = sourcecode.swift; path = MethodComponents.swift; sourceTree = "<group>"; };
		1FAB88E023193C06004E3023 /* TextProcessor.swift */ = {isa = PBXFileReference; lastKnownFileType = sourcecode.swift; path = TextProcessor.swift; sourceTree = "<group>"; };
		1FAB8B92231D4DFB004E3023 /* ClassBinding.swift */ = {isa = PBXFileReference; fileEncoding = 4; lastKnownFileType = sourcecode.swift; path = ClassBinding.swift; sourceTree = "<group>"; };
		1FAB8B94231D5928004E3023 /* StringExtension.swift */ = {isa = PBXFileReference; lastKnownFileType = sourcecode.swift; path = StringExtension.swift; sourceTree = "<group>"; };
/* End PBXFileReference section */

/* Begin PBXFrameworksBuildPhase section */
		1F4E654D22FC40BB001225FC /* Frameworks */ = {
			isa = PBXFrameworksBuildPhase;
			buildActionMask = 2147483647;
			files = (
			);
			runOnlyForDeploymentPostprocessing = 0;
		};
/* End PBXFrameworksBuildPhase section */

/* Begin PBXGroup section */
		1F4E654722FC40BB001225FC = {
			isa = PBXGroup;
			children = (
				1F4E655222FC40BB001225FC /* rootToSwift */,
				1F4E655122FC40BB001225FC /* Products */,
			);
			sourceTree = "<group>";
		};
		1F4E655122FC40BB001225FC /* Products */ = {
			isa = PBXGroup;
			children = (
				1F4E655022FC40BB001225FC /* rootToSwift */,
			);
			name = Products;
			sourceTree = "<group>";
		};
		1F4E655222FC40BB001225FC /* rootToSwift */ = {
			isa = PBXGroup;
			children = (
				1F4E655322FC40BB001225FC /* main.swift */,
				1F4E655A22FC46C3001225FC /* FileProcessor.swift */,
				1F9FA9A223057E7400F9723C /* MethodComponents.swift */,
				1FAB8B92231D4DFB004E3023 /* ClassBinding.swift */,
				1F9FA9A0230578FE00F9723C /* Helpers.swift */,
				1FAB88E023193C06004E3023 /* TextProcessor.swift */,
				1F4E657A23043DE1001225FC /* ArrayExtension.swift */,
				1FAB8B94231D5928004E3023 /* StringExtension.swift */,
			);
			path = rootToSwift;
			sourceTree = "<group>";
		};
/* End PBXGroup section */

/* Begin PBXNativeTarget section */
		1F4E654F22FC40BB001225FC /* rootToSwift */ = {
			isa = PBXNativeTarget;
			buildConfigurationList = 1F4E655722FC40BB001225FC /* Build configuration list for PBXNativeTarget "rootToSwift" */;
			buildPhases = (
				1F4E654C22FC40BB001225FC /* Sources */,
				1F4E654D22FC40BB001225FC /* Frameworks */,
				1F4E654E22FC40BB001225FC /* CopyFiles */,
			);
			buildRules = (
			);
			dependencies = (
			);
			name = rootToSwift;
			productName = rootToSwift;
			productReference = 1F4E655022FC40BB001225FC /* rootToSwift */;
			productType = "com.apple.product-type.tool";
		};
/* End PBXNativeTarget section */

/* Begin PBXProject section */
		1F4E654822FC40BB001225FC /* Project object */ = {
			isa = PBXProject;
			attributes = {
				LastSwiftUpdateCheck = 1030;
				LastUpgradeCheck = 1030;
				ORGANIZATIONNAME = "Jeremi Niedziela";
				TargetAttributes = {
					1F4E654F22FC40BB001225FC = {
						CreatedOnToolsVersion = 10.3;
					};
				};
			};
			buildConfigurationList = 1F4E654B22FC40BB001225FC /* Build configuration list for PBXProject "rootToSwift" */;
			compatibilityVersion = "Xcode 9.3";
			developmentRegion = en;
			hasScannedForEncodings = 0;
			knownRegions = (
				en,
			);
			mainGroup = 1F4E654722FC40BB001225FC;
			productRefGroup = 1F4E655122FC40BB001225FC /* Products */;
			projectDirPath = "";
			projectRoot = "";
			targets = (
				1F4E654F22FC40BB001225FC /* rootToSwift */,
			);
		};
/* End PBXProject section */

/* Begin PBXSourcesBuildPhase section */
		1F4E654C22FC40BB001225FC /* Sources */ = {
			isa = PBXSourcesBuildPhase;
			buildActionMask = 2147483647;
			files = (
				1FAB8B93231D4DFC004E3023 /* ClassBinding.swift in Sources */,
				1F9FA9A323057E7400F9723C /* MethodComponents.swift in Sources */,
				1F4E657B23043DE1001225FC /* ArrayExtension.swift in Sources */,
				1F4E655422FC40BB001225FC /* main.swift in Sources */,
				1FAB8B95231D5928004E3023 /* StringExtension.swift in Sources */,
				1F4E655B22FC46C3001225FC /* FileProcessor.swift in Sources */,
				1F9FA9A1230578FE00F9723C /* Helpers.swift in Sources */,
				1FAB88E123193C06004E3023 /* TextProcessor.swift in Sources */,
			);
			runOnlyForDeploymentPostprocessing = 0;
		};
/* End PBXSourcesBuildPhase section */

/* Begin XCBuildConfiguration section */
		1F4E655522FC40BB001225FC /* Debug */ = {
			isa = XCBuildConfiguration;
			buildSettings = {
				ALWAYS_SEARCH_USER_PATHS = NO;
				CLANG_ANALYZER_NONNULL = YES;
				CLANG_ANALYZER_NUMBER_OBJECT_CONVERSION = YES_AGGRESSIVE;
				CLANG_CXX_LANGUAGE_STANDARD = "gnu++14";
				CLANG_CXX_LIBRARY = "libc++";
				CLANG_ENABLE_MODULES = YES;
				CLANG_ENABLE_OBJC_ARC = YES;
				CLANG_ENABLE_OBJC_WEAK = YES;
				CLANG_WARN_BLOCK_CAPTURE_AUTORELEASING = YES;
				CLANG_WARN_BOOL_CONVERSION = YES;
				CLANG_WARN_COMMA = YES;
				CLANG_WARN_CONSTANT_CONVERSION = YES;
				CLANG_WARN_DEPRECATED_OBJC_IMPLEMENTATIONS = YES;
				CLANG_WARN_DIRECT_OBJC_ISA_USAGE = YES_ERROR;
				CLANG_WARN_DOCUMENTATION_COMMENTS = YES;
				CLANG_WARN_EMPTY_BODY = YES;
				CLANG_WARN_ENUM_CONVERSION = YES;
				CLANG_WARN_INFINITE_RECURSION = YES;
				CLANG_WARN_INT_CONVERSION = YES;
				CLANG_WARN_NON_LITERAL_NULL_CONVERSION = YES;
				CLANG_WARN_OBJC_IMPLICIT_RETAIN_SELF = YES;
				CLANG_WARN_OBJC_LITERAL_CONVERSION = YES;
				CLANG_WARN_OBJC_ROOT_CLASS = YES_ERROR;
				CLANG_WARN_RANGE_LOOP_ANALYSIS = YES;
				CLANG_WARN_STRICT_PROTOTYPES = YES;
				CLANG_WARN_SUSPICIOUS_MOVE = YES;
				CLANG_WARN_UNGUARDED_AVAILABILITY = YES_AGGRESSIVE;
				CLANG_WARN_UNREACHABLE_CODE = YES;
				CLANG_WARN__DUPLICATE_METHOD_MATCH = YES;
				CODE_SIGN_IDENTITY = "Mac Developer";
				COPY_PHASE_STRIP = NO;
				DEBUG_INFORMATION_FORMAT = dwarf;
				ENABLE_STRICT_OBJC_MSGSEND = YES;
				ENABLE_TESTABILITY = YES;
				GCC_C_LANGUAGE_STANDARD = gnu11;
				GCC_DYNAMIC_NO_PIC = NO;
				GCC_NO_COMMON_BLOCKS = YES;
				GCC_OPTIMIZATION_LEVEL = 0;
				GCC_PREPROCESSOR_DEFINITIONS = (
					"DEBUG=1",
					"$(inherited)",
				);
				GCC_WARN_64_TO_32_BIT_CONVERSION = YES;
				GCC_WARN_ABOUT_RETURN_TYPE = YES_ERROR;
				GCC_WARN_UNDECLARED_SELECTOR = YES;
				GCC_WARN_UNINITIALIZED_AUTOS = YES_AGGRESSIVE;
				GCC_WARN_UNUSED_FUNCTION = YES;
				GCC_WARN_UNUSED_VARIABLE = YES;
				MACOSX_DEPLOYMENT_TARGET = 10.14;
				MTL_ENABLE_DEBUG_INFO = INCLUDE_SOURCE;
				MTL_FAST_MATH = YES;
				ONLY_ACTIVE_ARCH = YES;
				SDKROOT = macosx;
				SWIFT_ACTIVE_COMPILATION_CONDITIONS = DEBUG;
				SWIFT_OPTIMIZATION_LEVEL = "-Onone";
			};
			name = Debug;
		};
		1F4E655622FC40BB001225FC /* Release */ = {
			isa = XCBuildConfiguration;
			buildSettings = {
				ALWAYS_SEARCH_USER_PATHS = NO;
				CLANG_ANALYZER_NONNULL = YES;
				CLANG_ANALYZER_NUMBER_OBJECT_CONVERSION = YES_AGGRESSIVE;
				CLANG_CXX_LANGUAGE_STANDARD = "gnu++14";
				CLANG_CXX_LIBRARY = "libc++";
				CLANG_ENABLE_MODULES = YES;
				CLANG_ENABLE_OBJC_ARC = YES;
				CLANG_ENABLE_OBJC_WEAK = YES;
				CLANG_WARN_BLOCK_CAPTURE_AUTORELEASING = YES;
				CLANG_WARN_BOOL_CONVERSION = YES;
				CLANG_WARN_COMMA = YES;
				CLANG_WARN_CONSTANT_CONVERSION = YES;
				CLANG_WARN_DEPRECATED_OBJC_IMPLEMENTATIONS = YES;
				CLANG_WARN_DIRECT_OBJC_ISA_USAGE = YES_ERROR;
				CLANG_WARN_DOCUMENTATION_COMMENTS = YES;
				CLANG_WARN_EMPTY_BODY = YES;
				CLANG_WARN_ENUM_CONVERSION = YES;
				CLANG_WARN_INFINITE_RECURSION = YES;
				CLANG_WARN_INT_CONVERSION = YES;
				CLANG_WARN_NON_LITERAL_NULL_CONVERSION = YES;
				CLANG_WARN_OBJC_IMPLICIT_RETAIN_SELF = YES;
				CLANG_WARN_OBJC_LITERAL_CONVERSION = YES;
				CLANG_WARN_OBJC_ROOT_CLASS = YES_ERROR;
				CLANG_WARN_RANGE_LOOP_ANALYSIS = YES;
				CLANG_WARN_STRICT_PROTOTYPES = YES;
				CLANG_WARN_SUSPICIOUS_MOVE = YES;
				CLANG_WARN_UNGUARDED_AVAILABILITY = YES_AGGRESSIVE;
				CLANG_WARN_UNREACHABLE_CODE = YES;
				CLANG_WARN__DUPLICATE_METHOD_MATCH = YES;
				CODE_SIGN_IDENTITY = "Mac Developer";
				COPY_PHASE_STRIP = NO;
				DEBUG_INFORMATION_FORMAT = "dwarf-with-dsym";
				ENABLE_NS_ASSERTIONS = NO;
				ENABLE_STRICT_OBJC_MSGSEND = YES;
				GCC_C_LANGUAGE_STANDARD = gnu11;
				GCC_NO_COMMON_BLOCKS = YES;
				GCC_WARN_64_TO_32_BIT_CONVERSION = YES;
				GCC_WARN_ABOUT_RETURN_TYPE = YES_ERROR;
				GCC_WARN_UNDECLARED_SELECTOR = YES;
				GCC_WARN_UNINITIALIZED_AUTOS = YES_AGGRESSIVE;
				GCC_WARN_UNUSED_FUNCTION = YES;
				GCC_WARN_UNUSED_VARIABLE = YES;
				MACOSX_DEPLOYMENT_TARGET = 10.14;
				MTL_ENABLE_DEBUG_INFO = NO;
				MTL_FAST_MATH = YES;
				SDKROOT = macosx;
				SWIFT_COMPILATION_MODE = wholemodule;
				SWIFT_OPTIMIZATION_LEVEL = "-O";
			};
			name = Release;
		};
		1F4E655822FC40BB001225FC /* Debug */ = {
			isa = XCBuildConfiguration;
			buildSettings = {
				CODE_SIGN_STYLE = Automatic;
				DEVELOPMENT_TEAM = V5WJKFTQN5;
				PRODUCT_NAME = "$(TARGET_NAME)";
				SWIFT_VERSION = 5.0;
			};
			name = Debug;
		};
		1F4E655922FC40BB001225FC /* Release */ = {
			isa = XCBuildConfiguration;
			buildSettings = {
				CODE_SIGN_STYLE = Automatic;
				DEVELOPMENT_TEAM = V5WJKFTQN5;
				PRODUCT_NAME = "$(TARGET_NAME)";
				SWIFT_VERSION = 5.0;
			};
			name = Release;
		};
/* End XCBuildConfiguration section */

/* Begin XCConfigurationList section */
		1F4E654B22FC40BB001225FC /* Build configuration list for PBXProject "rootToSwift" */ = {
			isa = XCConfigurationList;
			buildConfigurations = (
				1F4E655522FC40BB001225FC /* Debug */,
				1F4E655622FC40BB001225FC /* Release */,
			);
			defaultConfigurationIsVisible = 0;
			defaultConfigurationName = Release;
		};
		1F4E655722FC40BB001225FC /* Build configuration list for PBXNativeTarget "rootToSwift" */ = {
			isa = XCConfigurationList;
			buildConfigurations = (
				1F4E655822FC40BB001225FC /* Debug */,
				1F4E655922FC40BB001225FC /* Release */,
			);
			defaultConfigurationIsVisible = 0;
			defaultConfigurationName = Release;
		};
/* End XCConfigurationList section */
	};
	rootObject = 1F4E654822FC40BB001225FC /* Project object */;
}
